
Microsoft Visual Studio Solution File, Format Version 12.00
# Visual Studio Version 17
VisualStudioVersion = 17.7.34031.279
MinimumVisualStudioVersion = 10.0.40219.1
Project("{FAE04EC0-301F-11D3-BF4B-00C04F79EFBC}") = "Client", "D:\WorkSpace\WeatherApp\src\Client\Client.csproj", "{8B1ED8D4-4283-425C-936B-DA971A44E430}"
EndProject
Project("{2150E333-8FDC-42A3-9474-1A3956D46DE8}") = "src", "src", "{A8BF0E98-C74C-4553-8E75-801029C78B36}"
EndProject
Project("{FAE04EC0-301F-11D3-BF4B-00C04F79EFBC}") = "Infrastructure", "D:\WorkSpace\WeatherApp\src\Infrastructure\Infrastructure.csproj", "{EBA07DB9-BE79-472C-B402-71573BF7ACE1}"
EndProject
Project("{FAE04EC0-301F-11D3-BF4B-00C04F79EFBC}") = "Application", "D:\WorkSpace\WeatherApp\src\Application\Application.csproj", "{5D0F3E9A-6499-451E-A6ED-C1E5F63CF1E3}"
EndProject
Project("{FAE04EC0-301F-11D3-BF4B-00C04F79EFBC}") = "Domain", "D:\WorkSpace\WeatherApp\src\Domain\Domain.csproj", "{037C54DF-BBF9-435B-9ABE-643BDBE575AE}"
EndProject
Global
	GlobalSection(SolutionConfigurationPlatforms) = preSolution
		Debug|Any CPU = Debug|Any CPU
		Release|Any CPU = Release|Any CPU
	EndGlobalSection
	GlobalSection(ProjectConfigurationPlatforms) = postSolution
		{8B1ED8D4-4283-425C-936B-DA971A44E430}.Debug|Any CPU.ActiveCfg = Debug|Any CPU
		{8B1ED8D4-4283-425C-936B-DA971A44E430}.Debug|Any CPU.Build.0 = Debug|Any CPU
		{8B1ED8D4-4283-425C-936B-DA971A44E430}.Release|Any CPU.ActiveCfg = Release|Any CPU
		{8B1ED8D4-4283-425C-936B-DA971A44E430}.Release|Any CPU.Build.0 = Release|Any CPU
		{EBA07DB9-BE79-472C-B402-71573BF7ACE1}.Debug|Any CPU.ActiveCfg = Debug|Any CPU
		{EBA07DB9-BE79-472C-B402-71573BF7ACE1}.Debug|Any CPU.Build.0 = Debug|Any CPU
		{EBA07DB9-BE79-472C-B402-71573BF7ACE1}.Release|Any CPU.ActiveCfg = Release|Any CPU
		{EBA07DB9-BE79-472C-B402-71573BF7ACE1}.Release|Any CPU.Build.0 = Release|Any CPU
		{5D0F3E9A-6499-451E-A6ED-C1E5F63CF1E3}.Debug|Any CPU.ActiveCfg = Debug|Any CPU
		{5D0F3E9A-6499-451E-A6ED-C1E5F63CF1E3}.Debug|Any CPU.Build.0 = Debug|Any CPU
		{5D0F3E9A-6499-451E-A6ED-C1E5F63CF1E3}.Release|Any CPU.ActiveCfg = Release|Any CPU
		{5D0F3E9A-6499-451E-A6ED-C1E5F63CF1E3}.Release|Any CPU.Build.0 = Release|Any CPU
		{037C54DF-BBF9-435B-9ABE-643BDBE575AE}.Debug|Any CPU.ActiveCfg = Debug|Any CPU
		{037C54DF-BBF9-435B-9ABE-643BDBE575AE}.Debug|Any CPU.Build.0 = Debug|Any CPU
		{037C54DF-BBF9-435B-9ABE-643BDBE575AE}.Release|Any CPU.ActiveCfg = Release|Any CPU
		{037C54DF-BBF9-435B-9ABE-643BDBE575AE}.Release|Any CPU.Build.0 = Release|Any CPU
	EndGlobalSection
	GlobalSection(SolutionProperties) = preSolution
		HideSolutionNode = FALSE
	EndGlobalSection
	GlobalSection(NestedProjects) = preSolution
		{8B1ED8D4-4283-425C-936B-DA971A44E430} = {A8BF0E98-C74C-4553-8E75-801029C78B36}
		{EBA07DB9-BE79-472C-B402-71573BF7ACE1} = {A8BF0E98-C74C-4553-8E75-801029C78B36}
		{5D0F3E9A-6499-451E-A6ED-C1E5F63CF1E3} = {A8BF0E98-C74C-4553-8E75-801029C78B36}
		{037C54DF-BBF9-435B-9ABE-643BDBE575AE} = {A8BF0E98-C74C-4553-8E75-801029C78B36}
	EndGlobalSection
	GlobalSection(ExtensibilityGlobals) = postSolution
		SolutionGuid = {C481D968-AD27-48A9-9F5A-B08746E58A00}
	EndGlobalSection
EndGlobal
